<?xml version="1.0" encoding="UTF-8"?>
<Project ToolsVersion="14.0" xmlns="http://schemas.microsoft.com/developer/msbuild/2003">
  <ItemGroup>
    <CustomBuild Include="C:\Users\jiazhong\Documents\HCI-557-CG\assignments\02_Programming_and_3D_Modeling\CMakeFiles\1935a9d917160e826050ac1150364753\generate.stamp.rule">
      <Filter>CMake Rules</Filter>
    </CustomBuild>
  </ItemGroup>
  <ItemGroup>
    <Filter Include="CMake Rules">
      <UniqueIdentifier>{B01C89B7-5147-41D7-BAC1-62156D0FFDF5}</UniqueIdentifier>
    </Filter>
  </ItemGroup>
</Project>
